
Microsoft Visual Studio Solution File, Format Version 12.00
# Visual Studio Version 17
VisualStudioVersion = 17.4.33213.308
MinimumVisualStudioVersion = 10.0.40219.1
Project("{FAE04EC0-301F-11D3-BF4B-00C04F79EFBC}") = "ForBlazorLocalStorageService.Server", "ForBlazorLocalStorageService\Server\ForBlazorLocalStorageService.Server.csproj", "{8676B4BD-76E8-4568-91D9-5DC28182676D}"
EndProject
Project("{FAE04EC0-301F-11D3-BF4B-00C04F79EFBC}") = "ForBlazorLocalStorageService.Client", "ForBlazorLocalStorageService\Client\ForBlazorLocalStorageService.Client.csproj", "{1424A26C-8AAE-4EBF-B732-8CF25755AAF8}"
EndProject
Project("{FAE04EC0-301F-11D3-BF4B-00C04F79EFBC}") = "ForBlazorLocalStorageService.Shared", "ForBlazorLocalStorageService\Shared\ForBlazorLocalStorageService.Shared.csproj", "{2C7BA4A0-5E2B-48E8-92B3-1CEAD187D9AB}"
EndProject
Global
	GlobalSection(SolutionConfigurationPlatforms) = preSolution
		Debug|Any CPU = Debug|Any CPU
		Release|Any CPU = Release|Any CPU
	EndGlobalSection
	GlobalSection(ProjectConfigurationPlatforms) = postSolution
		{8676B4BD-76E8-4568-91D9-5DC28182676D}.Debug|Any CPU.ActiveCfg = Debug|Any CPU
		{8676B4BD-76E8-4568-91D9-5DC28182676D}.Debug|Any CPU.Build.0 = Debug|Any CPU
		{8676B4BD-76E8-4568-91D9-5DC28182676D}.Release|Any CPU.ActiveCfg = Release|Any CPU
		{8676B4BD-76E8-4568-91D9-5DC28182676D}.Release|Any CPU.Build.0 = Release|Any CPU
		{1424A26C-8AAE-4EBF-B732-8CF25755AAF8}.Debug|Any CPU.ActiveCfg = Debug|Any CPU
		{1424A26C-8AAE-4EBF-B732-8CF25755AAF8}.Debug|Any CPU.Build.0 = Debug|Any CPU
		{1424A26C-8AAE-4EBF-B732-8CF25755AAF8}.Release|Any CPU.ActiveCfg = Release|Any CPU
		{1424A26C-8AAE-4EBF-B732-8CF25755AAF8}.Release|Any CPU.Build.0 = Release|Any CPU
		{2C7BA4A0-5E2B-48E8-92B3-1CEAD187D9AB}.Debug|Any CPU.ActiveCfg = Debug|Any CPU
		{2C7BA4A0-5E2B-48E8-92B3-1CEAD187D9AB}.Debug|Any CPU.Build.0 = Debug|Any CPU
		{2C7BA4A0-5E2B-48E8-92B3-1CEAD187D9AB}.Release|Any CPU.ActiveCfg = Release|Any CPU
		{2C7BA4A0-5E2B-48E8-92B3-1CEAD187D9AB}.Release|Any CPU.Build.0 = Release|Any CPU
	EndGlobalSection
	GlobalSection(SolutionProperties) = preSolution
		HideSolutionNode = FALSE
	EndGlobalSection
	GlobalSection(ExtensibilityGlobals) = postSolution
		SolutionGuid = {78C9B21E-6C9C-41A1-A975-B0817FA0FA31}
	EndGlobalSection
EndGlobal
